
Microsoft Visual Studio Solution File, Format Version 12.00
# Visual Studio Version 17
VisualStudioVersion = 17.5.33414.496
MinimumVisualStudioVersion = 10.0.40219.1
Project("{FAE04EC0-301F-11D3-BF4B-00C04F79EFBC}") = "PractiFly.WebApi", "PractiFly.WebApi\PractiFly.WebApi.csproj", "{573D5B77-266A-4845-929C-0CD48BCD209F}"
EndProject
Project("{FAE04EC0-301F-11D3-BF4B-00C04F79EFBC}") = "TestProject1", "TestProject1\TestProject1.csproj", "{164EDE0B-6EEC-4370-A6D3-6CCA90892299}"
EndProject
Global
	GlobalSection(SolutionConfigurationPlatforms) = preSolution
		Debug|Any CPU = Debug|Any CPU
		Release|Any CPU = Release|Any CPU
	EndGlobalSection
	GlobalSection(ProjectConfigurationPlatforms) = postSolution
		{573D5B77-266A-4845-929C-0CD48BCD209F}.Debug|Any CPU.ActiveCfg = Debug|Any CPU
		{573D5B77-266A-4845-929C-0CD48BCD209F}.Debug|Any CPU.Build.0 = Debug|Any CPU
		{573D5B77-266A-4845-929C-0CD48BCD209F}.Release|Any CPU.ActiveCfg = Release|Any CPU
		{573D5B77-266A-4845-929C-0CD48BCD209F}.Release|Any CPU.Build.0 = Release|Any CPU
		{164EDE0B-6EEC-4370-A6D3-6CCA90892299}.Debug|Any CPU.ActiveCfg = Debug|Any CPU
		{164EDE0B-6EEC-4370-A6D3-6CCA90892299}.Debug|Any CPU.Build.0 = Debug|Any CPU
		{164EDE0B-6EEC-4370-A6D3-6CCA90892299}.Release|Any CPU.ActiveCfg = Release|Any CPU
		{164EDE0B-6EEC-4370-A6D3-6CCA90892299}.Release|Any CPU.Build.0 = Release|Any CPU
	EndGlobalSection
	GlobalSection(SolutionProperties) = preSolution
		HideSolutionNode = FALSE
	EndGlobalSection
	GlobalSection(ExtensibilityGlobals) = postSolution
		SolutionGuid = {8EF3FF4D-1BC1-46C4-A217-31BAF24F10DC}
	EndGlobalSection
EndGlobal
