
Microsoft Visual Studio Solution File, Format Version 12.00
# Visual Studio Version 17
VisualStudioVersion = 17.5.33414.496
MinimumVisualStudioVersion = 10.0.40219.1
Project("{FAE04EC0-301F-11D3-BF4B-00C04F79EFBC}") = "PractiFly.WebApi", "PractiFly.WebApi\PractiFly.WebApi.csproj", "{573D5B77-266A-4845-929C-0CD48BCD209F}"
EndProject
Project("{FAE04EC0-301F-11D3-BF4B-00C04F79EFBC}") = "PractiFly.WebApi.Tests", "PractiFly.WebApi.Tests\PractiFly.WebApi.Tests.csproj", "{164EDE0B-6EEC-4370-A6D3-6CCA90892299}"
EndProject
Project("{FAE04EC0-301F-11D3-BF4B-00C04F79EFBC}") = "PractiFly.Tests.EntityFromDb", "PractiFly.Tests.EntityFromDb\PractiFly.Tests.EntityFromDb.csproj", "{B0F77AC5-0B4A-4533-911A-CBD9E893C47E}"
EndProject
Project("{FAE04EC0-301F-11D3-BF4B-00C04F79EFBC}") = "Practifly.Checkers", "Practifly.Checkers\Practifly.Checkers.csproj", "{3CACF428-F22E-40C7-9F28-A719C3353D1E}"
EndProject
Project("{FAE04EC0-301F-11D3-BF4B-00C04F79EFBC}") = "Practifly.Checkers.Tests", "Practifly.Checkers.Tests\Practifly.Checkers.Tests.csproj", "{6267AC64-4DF9-4838-AC6A-A3B3775C2D53}"
EndProject
Project("{FAE04EC0-301F-11D3-BF4B-00C04F79EFBC}") = "Practifly.FakerGenerator", "Practifly.FakerGenerator\Practifly.FakerGenerator.csproj", "{9289F6C8-1EAD-4959-BE8C-43D243650EAA}"
EndProject
Project("{2150E333-8FDC-42A3-9474-1A3956D46DE8}") = "Libraries", "Libraries", "{C3CDCFFC-A2BE-405B-AD57-496605053D17}"
EndProject
Project("{2150E333-8FDC-42A3-9474-1A3956D46DE8}") = "Checker", "Checker", "{FF0D35C8-4B44-4B00-AA5A-0AD7F0D47A51}"
EndProject
Project("{2150E333-8FDC-42A3-9474-1A3956D46DE8}") = "Web", "Web", "{CB04A9F4-D2D6-4011-A27C-F0A8D278E02C}"
EndProject
Project("{2150E333-8FDC-42A3-9474-1A3956D46DE8}") = "Tests", "Tests", "{7C836C05-5373-4191-8FE5-AB09F67AF0EB}"
EndProject
Project("{2150E333-8FDC-42A3-9474-1A3956D46DE8}") = "Entities", "Entities", "{C6D7507A-936D-4CD7-A83B-10FE0B392358}"
EndProject
Project("{FAE04EC0-301F-11D3-BF4B-00C04F79EFBC}") = "PractiFly.DbEntities", "PractiFly.DbEntities\PractiFly.DbEntities.csproj", "{4701424F-E4E3-468D-8086-A88260AB14F7}"
EndProject
Project("{FAE04EC0-301F-11D3-BF4B-00C04F79EFBC}") = "PractiFly.FakerManager", "PractiFly.FakerManager\PractiFly.FakerManager.csproj", "{19943747-C60F-4C29-886F-F7C198831F15}"
EndProject
Project("{2150E333-8FDC-42A3-9474-1A3956D46DE8}") = "Faker", "Faker", "{A2D0A9CE-F09F-48B7-B8E4-4B5B8FE46A74}"
EndProject
Project("{FAE04EC0-301F-11D3-BF4B-00C04F79EFBC}") = "PractiFly.DateJsonConverter", "PractiFly.DateJsonConverter\PractiFly.DateJsonConverter.csproj", "{5576A4BF-4B2F-4515-9F2E-81325A9E7ED9}"
EndProject
Project("{2150E333-8FDC-42A3-9474-1A3956D46DE8}") = "Db", "Db", "{C09A592D-116E-4459-AB5B-DF6ACD3841F5}"
EndProject
Project("{FAE04EC0-301F-11D3-BF4B-00C04F79EFBC}") = "PractiFly.DbContextUtility", "PractiFly.DbContextUtility\PractiFly.DbContextUtility.csproj", "{C80B66B2-AD54-4D32-B30A-E5D5E9BB0AD9}"
EndProject
Project("{FAE04EC0-301F-11D3-BF4B-00C04F79EFBC}") = "PractiFly.FakerConfiguration", "PractiFly.FakerConfiguration\PractiFly.FakerConfiguration.csproj", "{154F52B7-2645-4F20-AC2E-EBA4EC8E5DBA}"
EndProject
Global
	GlobalSection(SolutionConfigurationPlatforms) = preSolution
		Debug|Any CPU = Debug|Any CPU
		Release|Any CPU = Release|Any CPU
	EndGlobalSection
	GlobalSection(ProjectConfigurationPlatforms) = postSolution
		{573D5B77-266A-4845-929C-0CD48BCD209F}.Debug|Any CPU.ActiveCfg = Debug|Any CPU
		{573D5B77-266A-4845-929C-0CD48BCD209F}.Debug|Any CPU.Build.0 = Debug|Any CPU
		{573D5B77-266A-4845-929C-0CD48BCD209F}.Release|Any CPU.ActiveCfg = Release|Any CPU
		{573D5B77-266A-4845-929C-0CD48BCD209F}.Release|Any CPU.Build.0 = Release|Any CPU
		{164EDE0B-6EEC-4370-A6D3-6CCA90892299}.Debug|Any CPU.ActiveCfg = Debug|Any CPU
		{164EDE0B-6EEC-4370-A6D3-6CCA90892299}.Debug|Any CPU.Build.0 = Debug|Any CPU
		{164EDE0B-6EEC-4370-A6D3-6CCA90892299}.Release|Any CPU.ActiveCfg = Release|Any CPU
		{164EDE0B-6EEC-4370-A6D3-6CCA90892299}.Release|Any CPU.Build.0 = Release|Any CPU
		{B0F77AC5-0B4A-4533-911A-CBD9E893C47E}.Debug|Any CPU.ActiveCfg = Debug|Any CPU
		{B0F77AC5-0B4A-4533-911A-CBD9E893C47E}.Debug|Any CPU.Build.0 = Debug|Any CPU
		{B0F77AC5-0B4A-4533-911A-CBD9E893C47E}.Release|Any CPU.ActiveCfg = Release|Any CPU
		{B0F77AC5-0B4A-4533-911A-CBD9E893C47E}.Release|Any CPU.Build.0 = Release|Any CPU
		{3CACF428-F22E-40C7-9F28-A719C3353D1E}.Debug|Any CPU.ActiveCfg = Debug|Any CPU
		{3CACF428-F22E-40C7-9F28-A719C3353D1E}.Debug|Any CPU.Build.0 = Debug|Any CPU
		{3CACF428-F22E-40C7-9F28-A719C3353D1E}.Release|Any CPU.ActiveCfg = Release|Any CPU
		{3CACF428-F22E-40C7-9F28-A719C3353D1E}.Release|Any CPU.Build.0 = Release|Any CPU
		{6267AC64-4DF9-4838-AC6A-A3B3775C2D53}.Debug|Any CPU.ActiveCfg = Debug|Any CPU
		{6267AC64-4DF9-4838-AC6A-A3B3775C2D53}.Debug|Any CPU.Build.0 = Debug|Any CPU
		{6267AC64-4DF9-4838-AC6A-A3B3775C2D53}.Release|Any CPU.ActiveCfg = Release|Any CPU
		{6267AC64-4DF9-4838-AC6A-A3B3775C2D53}.Release|Any CPU.Build.0 = Release|Any CPU
		{9289F6C8-1EAD-4959-BE8C-43D243650EAA}.Debug|Any CPU.ActiveCfg = Debug|Any CPU
		{9289F6C8-1EAD-4959-BE8C-43D243650EAA}.Debug|Any CPU.Build.0 = Debug|Any CPU
		{9289F6C8-1EAD-4959-BE8C-43D243650EAA}.Release|Any CPU.ActiveCfg = Release|Any CPU
		{9289F6C8-1EAD-4959-BE8C-43D243650EAA}.Release|Any CPU.Build.0 = Release|Any CPU
		{4701424F-E4E3-468D-8086-A88260AB14F7}.Debug|Any CPU.ActiveCfg = Debug|Any CPU
		{4701424F-E4E3-468D-8086-A88260AB14F7}.Debug|Any CPU.Build.0 = Debug|Any CPU
		{4701424F-E4E3-468D-8086-A88260AB14F7}.Release|Any CPU.ActiveCfg = Release|Any CPU
		{4701424F-E4E3-468D-8086-A88260AB14F7}.Release|Any CPU.Build.0 = Release|Any CPU
		{19943747-C60F-4C29-886F-F7C198831F15}.Debug|Any CPU.ActiveCfg = Debug|Any CPU
		{19943747-C60F-4C29-886F-F7C198831F15}.Debug|Any CPU.Build.0 = Debug|Any CPU
		{19943747-C60F-4C29-886F-F7C198831F15}.Release|Any CPU.ActiveCfg = Release|Any CPU
		{19943747-C60F-4C29-886F-F7C198831F15}.Release|Any CPU.Build.0 = Release|Any CPU
		{5576A4BF-4B2F-4515-9F2E-81325A9E7ED9}.Debug|Any CPU.ActiveCfg = Debug|Any CPU
		{5576A4BF-4B2F-4515-9F2E-81325A9E7ED9}.Debug|Any CPU.Build.0 = Debug|Any CPU
		{5576A4BF-4B2F-4515-9F2E-81325A9E7ED9}.Release|Any CPU.ActiveCfg = Release|Any CPU
		{5576A4BF-4B2F-4515-9F2E-81325A9E7ED9}.Release|Any CPU.Build.0 = Release|Any CPU
		{C80B66B2-AD54-4D32-B30A-E5D5E9BB0AD9}.Debug|Any CPU.ActiveCfg = Debug|Any CPU
		{C80B66B2-AD54-4D32-B30A-E5D5E9BB0AD9}.Debug|Any CPU.Build.0 = Debug|Any CPU
		{C80B66B2-AD54-4D32-B30A-E5D5E9BB0AD9}.Release|Any CPU.ActiveCfg = Release|Any CPU
		{C80B66B2-AD54-4D32-B30A-E5D5E9BB0AD9}.Release|Any CPU.Build.0 = Release|Any CPU
		{154F52B7-2645-4F20-AC2E-EBA4EC8E5DBA}.Debug|Any CPU.ActiveCfg = Debug|Any CPU
		{154F52B7-2645-4F20-AC2E-EBA4EC8E5DBA}.Debug|Any CPU.Build.0 = Debug|Any CPU
		{154F52B7-2645-4F20-AC2E-EBA4EC8E5DBA}.Release|Any CPU.ActiveCfg = Release|Any CPU
		{154F52B7-2645-4F20-AC2E-EBA4EC8E5DBA}.Release|Any CPU.Build.0 = Release|Any CPU
	EndGlobalSection
	GlobalSection(SolutionProperties) = preSolution
		HideSolutionNode = FALSE
	EndGlobalSection
	GlobalSection(ExtensibilityGlobals) = postSolution
		SolutionGuid = {8EF3FF4D-1BC1-46C4-A217-31BAF24F10DC}
	EndGlobalSection
	GlobalSection(NestedProjects) = preSolution
		{FF0D35C8-4B44-4B00-AA5A-0AD7F0D47A51} = {C3CDCFFC-A2BE-405B-AD57-496605053D17}
		{3CACF428-F22E-40C7-9F28-A719C3353D1E} = {FF0D35C8-4B44-4B00-AA5A-0AD7F0D47A51}
		{6267AC64-4DF9-4838-AC6A-A3B3775C2D53} = {FF0D35C8-4B44-4B00-AA5A-0AD7F0D47A51}
		{573D5B77-266A-4845-929C-0CD48BCD209F} = {CB04A9F4-D2D6-4011-A27C-F0A8D278E02C}
		{164EDE0B-6EEC-4370-A6D3-6CCA90892299} = {7C836C05-5373-4191-8FE5-AB09F67AF0EB}
		{9289F6C8-1EAD-4959-BE8C-43D243650EAA} = {C6D7507A-936D-4CD7-A83B-10FE0B392358}
		{B0F77AC5-0B4A-4533-911A-CBD9E893C47E} = {7C836C05-5373-4191-8FE5-AB09F67AF0EB}
		{4701424F-E4E3-468D-8086-A88260AB14F7} = {C6D7507A-936D-4CD7-A83B-10FE0B392358}
		{A2D0A9CE-F09F-48B7-B8E4-4B5B8FE46A74} = {C3CDCFFC-A2BE-405B-AD57-496605053D17}
		{19943747-C60F-4C29-886F-F7C198831F15} = {A2D0A9CE-F09F-48B7-B8E4-4B5B8FE46A74}
		{5576A4BF-4B2F-4515-9F2E-81325A9E7ED9} = {C3CDCFFC-A2BE-405B-AD57-496605053D17}
		{C80B66B2-AD54-4D32-B30A-E5D5E9BB0AD9} = {C09A592D-116E-4459-AB5B-DF6ACD3841F5}
		{154F52B7-2645-4F20-AC2E-EBA4EC8E5DBA} = {C09A592D-116E-4459-AB5B-DF6ACD3841F5}
	EndGlobalSection
EndGlobal
