
Microsoft Visual Studio Solution File, Format Version 12.00
# Visual Studio Version 17
VisualStudioVersion = 17.0.31611.283
MinimumVisualStudioVersion = 10.0.40219.1
Project("{9A19103F-16F7-4668-BE54-9A1E7A4F7556}") = "PractiFly.MauiApplication", "PractiFly.MauiApplication.csproj", "{D9BC3906-B3A9-468B-BE1D-5810C72B612E}"
EndProject
Project("{9A19103F-16F7-4668-BE54-9A1E7A4F7556}") = "PractiFly.Api", "..\PractiFly.Api\PractiFly.Api.csproj", "{C47602D2-85D5-40B0-A399-4A11D0AD84AF}"
EndProject
Project("{FAE04EC0-301F-11D3-BF4B-00C04F79EFBC}") = "TestProject", "..\TestProject\TestProject.csproj", "{DD60F0A2-2963-41E8-90F1-B8C7C15AB9A1}"
EndProject
Global
	GlobalSection(SolutionConfigurationPlatforms) = preSolution
		Debug|Any CPU = Debug|Any CPU
		Release|Any CPU = Release|Any CPU
	EndGlobalSection
	GlobalSection(ProjectConfigurationPlatforms) = postSolution
		{D9BC3906-B3A9-468B-BE1D-5810C72B612E}.Debug|Any CPU.ActiveCfg = Debug|Any CPU
		{D9BC3906-B3A9-468B-BE1D-5810C72B612E}.Debug|Any CPU.Build.0 = Debug|Any CPU
		{D9BC3906-B3A9-468B-BE1D-5810C72B612E}.Debug|Any CPU.Deploy.0 = Debug|Any CPU
		{D9BC3906-B3A9-468B-BE1D-5810C72B612E}.Release|Any CPU.ActiveCfg = Release|Any CPU
		{D9BC3906-B3A9-468B-BE1D-5810C72B612E}.Release|Any CPU.Build.0 = Release|Any CPU
		{D9BC3906-B3A9-468B-BE1D-5810C72B612E}.Release|Any CPU.Deploy.0 = Release|Any CPU
		{C47602D2-85D5-40B0-A399-4A11D0AD84AF}.Debug|Any CPU.ActiveCfg = Debug|Any CPU
		{C47602D2-85D5-40B0-A399-4A11D0AD84AF}.Debug|Any CPU.Build.0 = Debug|Any CPU
		{C47602D2-85D5-40B0-A399-4A11D0AD84AF}.Release|Any CPU.ActiveCfg = Release|Any CPU
		{C47602D2-85D5-40B0-A399-4A11D0AD84AF}.Release|Any CPU.Build.0 = Release|Any CPU
		{DD60F0A2-2963-41E8-90F1-B8C7C15AB9A1}.Debug|Any CPU.ActiveCfg = Debug|Any CPU
		{DD60F0A2-2963-41E8-90F1-B8C7C15AB9A1}.Debug|Any CPU.Build.0 = Debug|Any CPU
		{DD60F0A2-2963-41E8-90F1-B8C7C15AB9A1}.Release|Any CPU.ActiveCfg = Release|Any CPU
		{DD60F0A2-2963-41E8-90F1-B8C7C15AB9A1}.Release|Any CPU.Build.0 = Release|Any CPU
	EndGlobalSection
	GlobalSection(SolutionProperties) = preSolution
		HideSolutionNode = FALSE
	EndGlobalSection
	GlobalSection(ExtensibilityGlobals) = postSolution
		SolutionGuid = {61F7FB11-1E47-470C-91E2-47F8143E1572}
	EndGlobalSection
EndGlobal
